
Microsoft Visual Studio Solution File, Format Version 12.00
# Visual Studio Version 17
VisualStudioVersion = 17.9.34902.65
MinimumVisualStudioVersion = 10.0.40219.1
Project("{FAE04EC0-301F-11D3-BF4B-00C04F79EFBC}") = "CourseProvider", "CourseProvider\CourseProvider.csproj", "{AF8921C7-AF87-4EBD-B7C2-8EF50F18FA58}"
EndProject
Project("{FAE04EC0-301F-11D3-BF4B-00C04F79EFBC}") = "CourseProvider.Infrastructure", "CourseProvider.Infrastructure\CourseProvider.Infrastructure.csproj", "{19DD6463-87D5-4BB9-8310-FD04E101C918}"
EndProject
Global
	GlobalSection(SolutionConfigurationPlatforms) = preSolution
		Debug|Any CPU = Debug|Any CPU
		Release|Any CPU = Release|Any CPU
	EndGlobalSection
	GlobalSection(ProjectConfigurationPlatforms) = postSolution
		{AF8921C7-AF87-4EBD-B7C2-8EF50F18FA58}.Debug|Any CPU.ActiveCfg = Debug|Any CPU
		{AF8921C7-AF87-4EBD-B7C2-8EF50F18FA58}.Debug|Any CPU.Build.0 = Debug|Any CPU
		{AF8921C7-AF87-4EBD-B7C2-8EF50F18FA58}.Release|Any CPU.ActiveCfg = Release|Any CPU
		{AF8921C7-AF87-4EBD-B7C2-8EF50F18FA58}.Release|Any CPU.Build.0 = Release|Any CPU
		{19DD6463-87D5-4BB9-8310-FD04E101C918}.Debug|Any CPU.ActiveCfg = Debug|Any CPU
		{19DD6463-87D5-4BB9-8310-FD04E101C918}.Debug|Any CPU.Build.0 = Debug|Any CPU
		{19DD6463-87D5-4BB9-8310-FD04E101C918}.Release|Any CPU.ActiveCfg = Release|Any CPU
		{19DD6463-87D5-4BB9-8310-FD04E101C918}.Release|Any CPU.Build.0 = Release|Any CPU
	EndGlobalSection
	GlobalSection(SolutionProperties) = preSolution
		HideSolutionNode = FALSE
	EndGlobalSection
	GlobalSection(ExtensibilityGlobals) = postSolution
		SolutionGuid = {D66DDD6C-A972-491C-9E63-C07A251E10D7}
	EndGlobalSection
EndGlobal
